
Microsoft Visual Studio Solution File, Format Version 12.00
# Visual Studio Version 17
Project("{2150E333-8FDC-42A3-9474-1A3956D46DE8}") = "CMakePredefinedTargets", "CMakePredefinedTargets", "{102F957F-A4D3-3FE3-BE56-DCEDA4414BF2}"
EndProject
Project("{2150E333-8FDC-42A3-9474-1A3956D46DE8}") = "GLFW3", "GLFW3", "{0065CCE8-1E3C-37D9-8222-9C1C47BE9E62}"
EndProject
Project("{2150E333-8FDC-42A3-9474-1A3956D46DE8}") = "Examples", "GLFW3\Examples", "{48C46477-F764-32C8-8DB2-7BBAB5089DB9}"
EndProject
Project("{2150E333-8FDC-42A3-9474-1A3956D46DE8}") = "Tests", "GLFW3\Tests", "{8D66ED0F-0440-36D1-ABCA-641DF49F34D6}"
EndProject
Project("{8BC9CEB8-8B4A-11D0-8D11-00A0C91BC942}") = "ALL_BUILD", "ALL_BUILD.vcxproj", "{B425B5C1-01F2-3032-BB2A-D80EA92A75A4}"
	ProjectSection(ProjectDependencies) = postProject
		{B89B4324-BD5B-3AF8-957D-DFF8E28D719F} = {B89B4324-BD5B-3AF8-957D-DFF8E28D719F}
		{9A179446-3DF4-32C0-BE25-EEC7253A5B03} = {9A179446-3DF4-32C0-BE25-EEC7253A5B03}
		{539B8640-E979-3517-89DF-49F2D9B556EE} = {539B8640-E979-3517-89DF-49F2D9B556EE}
		{7191FB77-0E79-3120-9808-56B0E11B9AB1} = {7191FB77-0E79-3120-9808-56B0E11B9AB1}
		{7B0A5D1F-65CA-38D4-9BBC-3E5612E87FBC} = {7B0A5D1F-65CA-38D4-9BBC-3E5612E87FBC}
		{AF8B3EC4-D6F8-3FD0-81A4-6AC1F7521C48} = {AF8B3EC4-D6F8-3FD0-81A4-6AC1F7521C48}
		{2A3C45F9-4442-31DD-BEF5-3DA1466A1A81} = {2A3C45F9-4442-31DD-BEF5-3DA1466A1A81}
		{C4FAC19B-D16C-375D-978B-981EACA5EC01} = {C4FAC19B-D16C-375D-978B-981EACA5EC01}
		{8927B9AC-15E0-3E62-96C9-58AA36B39534} = {8927B9AC-15E0-3E62-96C9-58AA36B39534}
		{BDFB2DEA-6EF4-3C96-8736-E32B531DB029} = {BDFB2DEA-6EF4-3C96-8736-E32B531DB029}
		{E67E8D52-38DC-3B0A-B4CC-48C0B482FA2B} = {E67E8D52-38DC-3B0A-B4CC-48C0B482FA2B}
		{F7B231EC-4AD6-36DA-97D1-CCF31AA3DF01} = {F7B231EC-4AD6-36DA-97D1-CCF31AA3DF01}
		{C8A5D33C-F8E8-3DF6-9EB5-06192A08A419} = {C8A5D33C-F8E8-3DF6-9EB5-06192A08A419}
		{7714CA9E-0676-3126-9482-8238C03CD83B} = {7714CA9E-0676-3126-9482-8238C03CD83B}
		{1D0CAE25-95AC-3586-B98C-E8F44F1F4C6A} = {1D0CAE25-95AC-3586-B98C-E8F44F1F4C6A}
		{CC904D92-58D6-36A3-A4F9-3CC7499911EF} = {CC904D92-58D6-36A3-A4F9-3CC7499911EF}
		{16E48F1E-BDBD-390F-B4DD-0BE6FCC995BB} = {16E48F1E-BDBD-390F-B4DD-0BE6FCC995BB}
		{A665830E-3EE1-332E-A62D-539D396F079E} = {A665830E-3EE1-332E-A62D-539D396F079E}
		{3DFB7E24-09FC-31BF-B050-118A6D9B257E} = {3DFB7E24-09FC-31BF-B050-118A6D9B257E}
		{EE64B1E9-16C4-3334-9679-37DF2C20D0DA} = {EE64B1E9-16C4-3334-9679-37DF2C20D0DA}
		{8D3FE427-14CB-3090-AFBC-26CC85EED034} = {8D3FE427-14CB-3090-AFBC-26CC85EED034}
		{01E6D505-260D-3B9D-A516-66C6009A372F} = {01E6D505-260D-3B9D-A516-66C6009A372F}
		{B2658921-77CC-3A23-A18A-79D375F8B39C} = {B2658921-77CC-3A23-A18A-79D375F8B39C}
		{B49135C6-1298-3A5F-A183-E62DD5F0B11E} = {B49135C6-1298-3A5F-A183-E62DD5F0B11E}
		{A83B7D68-F07F-34A8-8F67-BACCFFFBAEAF} = {A83B7D68-F07F-34A8-8F67-BACCFFFBAEAF}
		{DB203C15-0281-3F2A-9AF0-397291B12E73} = {DB203C15-0281-3F2A-9AF0-397291B12E73}
		{7761A241-52AC-3C02-BDF4-016C2D1828FD} = {7761A241-52AC-3C02-BDF4-016C2D1828FD}
		{C51821DD-9007-3213-9CBB-16C81BF60BE0} = {C51821DD-9007-3213-9CBB-16C81BF60BE0}
		{0B6006E5-8D4C-3C72-AA11-779D8720460E} = {0B6006E5-8D4C-3C72-AA11-779D8720460E}
		{93C04BDD-E413-30C4-91A2-2A6037F66B93} = {93C04BDD-E413-30C4-91A2-2A6037F66B93}
		{78178CD1-7B03-3FBE-8007-A6BC78FECCD1} = {78178CD1-7B03-3FBE-8007-A6BC78FECCD1}
		{C76954E6-549F-3548-9AB5-9BC06564A296} = {C76954E6-549F-3548-9AB5-9BC06564A296}
		{7EAF49D5-02A2-31A4-92A1-95102B24C684} = {7EAF49D5-02A2-31A4-92A1-95102B24C684}
	EndProjectSection
EndProject
Project("{8BC9CEB8-8B4A-11D0-8D11-00A0C91BC942}") = "INSTALL", "INSTALL.vcxproj", "{47C8264E-7E95-32E0-8D2D-3335BC94A587}"
	ProjectSection(ProjectDependencies) = postProject
		{B425B5C1-01F2-3032-BB2A-D80EA92A75A4} = {B425B5C1-01F2-3032-BB2A-D80EA92A75A4}
		{B89B4324-BD5B-3AF8-957D-DFF8E28D719F} = {B89B4324-BD5B-3AF8-957D-DFF8E28D719F}
	EndProjectSection
EndProject
Project("{8BC9CEB8-8B4A-11D0-8D11-00A0C91BC942}") = "ZERO_CHECK", "ZERO_CHECK.vcxproj", "{B89B4324-BD5B-3AF8-957D-DFF8E28D719F}"
	ProjectSection(ProjectDependencies) = postProject
	EndProjectSection
EndProject
Project("{8BC9CEB8-8B4A-11D0-8D11-00A0C91BC942}") = "allocator", "tests\allocator.vcxproj", "{9A179446-3DF4-32C0-BE25-EEC7253A5B03}"
	ProjectSection(ProjectDependencies) = postProject
		{B89B4324-BD5B-3AF8-957D-DFF8E28D719F} = {B89B4324-BD5B-3AF8-957D-DFF8E28D719F}
		{BDFB2DEA-6EF4-3C96-8736-E32B531DB029} = {BDFB2DEA-6EF4-3C96-8736-E32B531DB029}
	EndProjectSection
EndProject
Project("{8BC9CEB8-8B4A-11D0-8D11-00A0C91BC942}") = "boing", "examples\boing.vcxproj", "{539B8640-E979-3517-89DF-49F2D9B556EE}"
	ProjectSection(ProjectDependencies) = postProject
		{B89B4324-BD5B-3AF8-957D-DFF8E28D719F} = {B89B4324-BD5B-3AF8-957D-DFF8E28D719F}
		{BDFB2DEA-6EF4-3C96-8736-E32B531DB029} = {BDFB2DEA-6EF4-3C96-8736-E32B531DB029}
	EndProjectSection
EndProject
Project("{8BC9CEB8-8B4A-11D0-8D11-00A0C91BC942}") = "clipboard", "tests\clipboard.vcxproj", "{7191FB77-0E79-3120-9808-56B0E11B9AB1}"
	ProjectSection(ProjectDependencies) = postProject
		{B89B4324-BD5B-3AF8-957D-DFF8E28D719F} = {B89B4324-BD5B-3AF8-957D-DFF8E28D719F}
		{BDFB2DEA-6EF4-3C96-8736-E32B531DB029} = {BDFB2DEA-6EF4-3C96-8736-E32B531DB029}
	EndProjectSection
EndProject
Project("{8BC9CEB8-8B4A-11D0-8D11-00A0C91BC942}") = "cursor", "tests\cursor.vcxproj", "{7B0A5D1F-65CA-38D4-9BBC-3E5612E87FBC}"
	ProjectSection(ProjectDependencies) = postProject
		{B89B4324-BD5B-3AF8-957D-DFF8E28D719F} = {B89B4324-BD5B-3AF8-957D-DFF8E28D719F}
		{BDFB2DEA-6EF4-3C96-8736-E32B531DB029} = {BDFB2DEA-6EF4-3C96-8736-E32B531DB029}
	EndProjectSection
EndProject
Project("{8BC9CEB8-8B4A-11D0-8D11-00A0C91BC942}") = "empty", "tests\empty.vcxproj", "{AF8B3EC4-D6F8-3FD0-81A4-6AC1F7521C48}"
	ProjectSection(ProjectDependencies) = postProject
		{B89B4324-BD5B-3AF8-957D-DFF8E28D719F} = {B89B4324-BD5B-3AF8-957D-DFF8E28D719F}
		{BDFB2DEA-6EF4-3C96-8736-E32B531DB029} = {BDFB2DEA-6EF4-3C96-8736-E32B531DB029}
	EndProjectSection
EndProject
Project("{8BC9CEB8-8B4A-11D0-8D11-00A0C91BC942}") = "events", "tests\events.vcxproj", "{2A3C45F9-4442-31DD-BEF5-3DA1466A1A81}"
	ProjectSection(ProjectDependencies) = postProject
		{B89B4324-BD5B-3AF8-957D-DFF8E28D719F} = {B89B4324-BD5B-3AF8-957D-DFF8E28D719F}
		{BDFB2DEA-6EF4-3C96-8736-E32B531DB029} = {BDFB2DEA-6EF4-3C96-8736-E32B531DB029}
	EndProjectSection
EndProject
Project("{8BC9CEB8-8B4A-11D0-8D11-00A0C91BC942}") = "gamma", "tests\gamma.vcxproj", "{C4FAC19B-D16C-375D-978B-981EACA5EC01}"
	ProjectSection(ProjectDependencies) = postProject
		{B89B4324-BD5B-3AF8-957D-DFF8E28D719F} = {B89B4324-BD5B-3AF8-957D-DFF8E28D719F}
		{BDFB2DEA-6EF4-3C96-8736-E32B531DB029} = {BDFB2DEA-6EF4-3C96-8736-E32B531DB029}
	EndProjectSection
EndProject
Project("{8BC9CEB8-8B4A-11D0-8D11-00A0C91BC942}") = "gears", "examples\gears.vcxproj", "{8927B9AC-15E0-3E62-96C9-58AA36B39534}"
	ProjectSection(ProjectDependencies) = postProject
		{B89B4324-BD5B-3AF8-957D-DFF8E28D719F} = {B89B4324-BD5B-3AF8-957D-DFF8E28D719F}
		{BDFB2DEA-6EF4-3C96-8736-E32B531DB029} = {BDFB2DEA-6EF4-3C96-8736-E32B531DB029}
	EndProjectSection
EndProject
Project("{8BC9CEB8-8B4A-11D0-8D11-00A0C91BC942}") = "glfw", "src\glfw.vcxproj", "{BDFB2DEA-6EF4-3C96-8736-E32B531DB029}"
	ProjectSection(ProjectDependencies) = postProject
		{B89B4324-BD5B-3AF8-957D-DFF8E28D719F} = {B89B4324-BD5B-3AF8-957D-DFF8E28D719F}
	EndProjectSection
EndProject
Project("{8BC9CEB8-8B4A-11D0-8D11-00A0C91BC942}") = "glfwinfo", "tests\glfwinfo.vcxproj", "{E67E8D52-38DC-3B0A-B4CC-48C0B482FA2B}"
	ProjectSection(ProjectDependencies) = postProject
		{B89B4324-BD5B-3AF8-957D-DFF8E28D719F} = {B89B4324-BD5B-3AF8-957D-DFF8E28D719F}
		{BDFB2DEA-6EF4-3C96-8736-E32B531DB029} = {BDFB2DEA-6EF4-3C96-8736-E32B531DB029}
	EndProjectSection
EndProject
Project("{8BC9CEB8-8B4A-11D0-8D11-00A0C91BC942}") = "heightmap", "examples\heightmap.vcxproj", "{F7B231EC-4AD6-36DA-97D1-CCF31AA3DF01}"
	ProjectSection(ProjectDependencies) = postProject
		{B89B4324-BD5B-3AF8-957D-DFF8E28D719F} = {B89B4324-BD5B-3AF8-957D-DFF8E28D719F}
		{BDFB2DEA-6EF4-3C96-8736-E32B531DB029} = {BDFB2DEA-6EF4-3C96-8736-E32B531DB029}
	EndProjectSection
EndProject
Project("{8BC9CEB8-8B4A-11D0-8D11-00A0C91BC942}") = "icon", "tests\icon.vcxproj", "{C8A5D33C-F8E8-3DF6-9EB5-06192A08A419}"
	ProjectSection(ProjectDependencies) = postProject
		{B89B4324-BD5B-3AF8-957D-DFF8E28D719F} = {B89B4324-BD5B-3AF8-957D-DFF8E28D719F}
		{BDFB2DEA-6EF4-3C96-8736-E32B531DB029} = {BDFB2DEA-6EF4-3C96-8736-E32B531DB029}
	EndProjectSection
EndProject
Project("{8BC9CEB8-8B4A-11D0-8D11-00A0C91BC942}") = "iconify", "tests\iconify.vcxproj", "{7714CA9E-0676-3126-9482-8238C03CD83B}"
	ProjectSection(ProjectDependencies) = postProject
		{B89B4324-BD5B-3AF8-957D-DFF8E28D719F} = {B89B4324-BD5B-3AF8-957D-DFF8E28D719F}
		{BDFB2DEA-6EF4-3C96-8736-E32B531DB029} = {BDFB2DEA-6EF4-3C96-8736-E32B531DB029}
	EndProjectSection
EndProject
Project("{8BC9CEB8-8B4A-11D0-8D11-00A0C91BC942}") = "inputlag", "tests\inputlag.vcxproj", "{1D0CAE25-95AC-3586-B98C-E8F44F1F4C6A}"
	ProjectSection(ProjectDependencies) = postProject
		{B89B4324-BD5B-3AF8-957D-DFF8E28D719F} = {B89B4324-BD5B-3AF8-957D-DFF8E28D719F}
		{BDFB2DEA-6EF4-3C96-8736-E32B531DB029} = {BDFB2DEA-6EF4-3C96-8736-E32B531DB029}
	EndProjectSection
EndProject
Project("{8BC9CEB8-8B4A-11D0-8D11-00A0C91BC942}") = "joysticks", "tests\joysticks.vcxproj", "{CC904D92-58D6-36A3-A4F9-3CC7499911EF}"
	ProjectSection(ProjectDependencies) = postProject
		{B89B4324-BD5B-3AF8-957D-DFF8E28D719F} = {B89B4324-BD5B-3AF8-957D-DFF8E28D719F}
		{BDFB2DEA-6EF4-3C96-8736-E32B531DB029} = {BDFB2DEA-6EF4-3C96-8736-E32B531DB029}
	EndProjectSection
EndProject
Project("{8BC9CEB8-8B4A-11D0-8D11-00A0C91BC942}") = "monitors", "tests\monitors.vcxproj", "{16E48F1E-BDBD-390F-B4DD-0BE6FCC995BB}"
	ProjectSection(ProjectDependencies) = postProject
		{B89B4324-BD5B-3AF8-957D-DFF8E28D719F} = {B89B4324-BD5B-3AF8-957D-DFF8E28D719F}
		{BDFB2DEA-6EF4-3C96-8736-E32B531DB029} = {BDFB2DEA-6EF4-3C96-8736-E32B531DB029}
	EndProjectSection
EndProject
Project("{8BC9CEB8-8B4A-11D0-8D11-00A0C91BC942}") = "msaa", "tests\msaa.vcxproj", "{A665830E-3EE1-332E-A62D-539D396F079E}"
	ProjectSection(ProjectDependencies) = postProject
		{B89B4324-BD5B-3AF8-957D-DFF8E28D719F} = {B89B4324-BD5B-3AF8-957D-DFF8E28D719F}
		{BDFB2DEA-6EF4-3C96-8736-E32B531DB029} = {BDFB2DEA-6EF4-3C96-8736-E32B531DB029}
	EndProjectSection
EndProject
Project("{8BC9CEB8-8B4A-11D0-8D11-00A0C91BC942}") = "offscreen", "examples\offscreen.vcxproj", "{3DFB7E24-09FC-31BF-B050-118A6D9B257E}"
	ProjectSection(ProjectDependencies) = postProject
		{B89B4324-BD5B-3AF8-957D-DFF8E28D719F} = {B89B4324-BD5B-3AF8-957D-DFF8E28D719F}
		{BDFB2DEA-6EF4-3C96-8736-E32B531DB029} = {BDFB2DEA-6EF4-3C96-8736-E32B531DB029}
	EndProjectSection
EndProject
Project("{8BC9CEB8-8B4A-11D0-8D11-00A0C91BC942}") = "particles", "examples\particles.vcxproj", "{EE64B1E9-16C4-3334-9679-37DF2C20D0DA}"
	ProjectSection(ProjectDependencies) = postProject
		{B89B4324-BD5B-3AF8-957D-DFF8E28D719F} = {B89B4324-BD5B-3AF8-957D-DFF8E28D719F}
		{BDFB2DEA-6EF4-3C96-8736-E32B531DB029} = {BDFB2DEA-6EF4-3C96-8736-E32B531DB029}
	EndProjectSection
EndProject
Project("{8BC9CEB8-8B4A-11D0-8D11-00A0C91BC942}") = "reopen", "tests\reopen.vcxproj", "{8D3FE427-14CB-3090-AFBC-26CC85EED034}"
	ProjectSection(ProjectDependencies) = postProject
		{B89B4324-BD5B-3AF8-957D-DFF8E28D719F} = {B89B4324-BD5B-3AF8-957D-DFF8E28D719F}
		{BDFB2DEA-6EF4-3C96-8736-E32B531DB029} = {BDFB2DEA-6EF4-3C96-8736-E32B531DB029}
	EndProjectSection
EndProject
Project("{8BC9CEB8-8B4A-11D0-8D11-00A0C91BC942}") = "sharing", "examples\sharing.vcxproj", "{01E6D505-260D-3B9D-A516-66C6009A372F}"
	ProjectSection(ProjectDependencies) = postProject
		{B89B4324-BD5B-3AF8-957D-DFF8E28D719F} = {B89B4324-BD5B-3AF8-957D-DFF8E28D719F}
		{BDFB2DEA-6EF4-3C96-8736-E32B531DB029} = {BDFB2DEA-6EF4-3C96-8736-E32B531DB029}
	EndProjectSection
EndProject
Project("{8BC9CEB8-8B4A-11D0-8D11-00A0C91BC942}") = "splitview", "examples\splitview.vcxproj", "{B2658921-77CC-3A23-A18A-79D375F8B39C}"
	ProjectSection(ProjectDependencies) = postProject
		{B89B4324-BD5B-3AF8-957D-DFF8E28D719F} = {B89B4324-BD5B-3AF8-957D-DFF8E28D719F}
		{BDFB2DEA-6EF4-3C96-8736-E32B531DB029} = {BDFB2DEA-6EF4-3C96-8736-E32B531DB029}
	EndProjectSection
EndProject
Project("{8BC9CEB8-8B4A-11D0-8D11-00A0C91BC942}") = "tearing", "tests\tearing.vcxproj", "{B49135C6-1298-3A5F-A183-E62DD5F0B11E}"
	ProjectSection(ProjectDependencies) = postProject
		{B89B4324-BD5B-3AF8-957D-DFF8E28D719F} = {B89B4324-BD5B-3AF8-957D-DFF8E28D719F}
		{BDFB2DEA-6EF4-3C96-8736-E32B531DB029} = {BDFB2DEA-6EF4-3C96-8736-E32B531DB029}
	EndProjectSection
EndProject
Project("{8BC9CEB8-8B4A-11D0-8D11-00A0C91BC942}") = "threads", "tests\threads.vcxproj", "{A83B7D68-F07F-34A8-8F67-BACCFFFBAEAF}"
	ProjectSection(ProjectDependencies) = postProject
		{B89B4324-BD5B-3AF8-957D-DFF8E28D719F} = {B89B4324-BD5B-3AF8-957D-DFF8E28D719F}
		{BDFB2DEA-6EF4-3C96-8736-E32B531DB029} = {BDFB2DEA-6EF4-3C96-8736-E32B531DB029}
	EndProjectSection
EndProject
Project("{8BC9CEB8-8B4A-11D0-8D11-00A0C91BC942}") = "timeout", "tests\timeout.vcxproj", "{DB203C15-0281-3F2A-9AF0-397291B12E73}"
	ProjectSection(ProjectDependencies) = postProject
		{B89B4324-BD5B-3AF8-957D-DFF8E28D719F} = {B89B4324-BD5B-3AF8-957D-DFF8E28D719F}
		{BDFB2DEA-6EF4-3C96-8736-E32B531DB029} = {BDFB2DEA-6EF4-3C96-8736-E32B531DB029}
	EndProjectSection
EndProject
Project("{8BC9CEB8-8B4A-11D0-8D11-00A0C91BC942}") = "title", "tests\title.vcxproj", "{7761A241-52AC-3C02-BDF4-016C2D1828FD}"
	ProjectSection(ProjectDependencies) = postProject
		{B89B4324-BD5B-3AF8-957D-DFF8E28D719F} = {B89B4324-BD5B-3AF8-957D-DFF8E28D719F}
		{BDFB2DEA-6EF4-3C96-8736-E32B531DB029} = {BDFB2DEA-6EF4-3C96-8736-E32B531DB029}
	EndProjectSection
EndProject
Project("{8BC9CEB8-8B4A-11D0-8D11-00A0C91BC942}") = "triangle-opengl", "examples\triangle-opengl.vcxproj", "{C51821DD-9007-3213-9CBB-16C81BF60BE0}"
	ProjectSection(ProjectDependencies) = postProject
		{B89B4324-BD5B-3AF8-957D-DFF8E28D719F} = {B89B4324-BD5B-3AF8-957D-DFF8E28D719F}
		{BDFB2DEA-6EF4-3C96-8736-E32B531DB029} = {BDFB2DEA-6EF4-3C96-8736-E32B531DB029}
	EndProjectSection
EndProject
Project("{8BC9CEB8-8B4A-11D0-8D11-00A0C91BC942}") = "triangle-opengles", "examples\triangle-opengles.vcxproj", "{0B6006E5-8D4C-3C72-AA11-779D8720460E}"
	ProjectSection(ProjectDependencies) = postProject
		{B89B4324-BD5B-3AF8-957D-DFF8E28D719F} = {B89B4324-BD5B-3AF8-957D-DFF8E28D719F}
		{BDFB2DEA-6EF4-3C96-8736-E32B531DB029} = {BDFB2DEA-6EF4-3C96-8736-E32B531DB029}
	EndProjectSection
EndProject
Project("{8BC9CEB8-8B4A-11D0-8D11-00A0C91BC942}") = "triangle-vulkan", "tests\triangle-vulkan.vcxproj", "{93C04BDD-E413-30C4-91A2-2A6037F66B93}"
	ProjectSection(ProjectDependencies) = postProject
		{B89B4324-BD5B-3AF8-957D-DFF8E28D719F} = {B89B4324-BD5B-3AF8-957D-DFF8E28D719F}
		{BDFB2DEA-6EF4-3C96-8736-E32B531DB029} = {BDFB2DEA-6EF4-3C96-8736-E32B531DB029}
	EndProjectSection
EndProject
Project("{8BC9CEB8-8B4A-11D0-8D11-00A0C91BC942}") = "uninstall", "uninstall.vcxproj", "{C3E6344E-2004-3502-B1BF-C988436F7B61}"
	ProjectSection(ProjectDependencies) = postProject
		{B89B4324-BD5B-3AF8-957D-DFF8E28D719F} = {B89B4324-BD5B-3AF8-957D-DFF8E28D719F}
	EndProjectSection
EndProject
Project("{8BC9CEB8-8B4A-11D0-8D11-00A0C91BC942}") = "update_mappings", "src\update_mappings.vcxproj", "{F4C4DD7F-2625-34CF-AFEE-333B7BF38F8D}"
	ProjectSection(ProjectDependencies) = postProject
		{B89B4324-BD5B-3AF8-957D-DFF8E28D719F} = {B89B4324-BD5B-3AF8-957D-DFF8E28D719F}
	EndProjectSection
EndProject
Project("{8BC9CEB8-8B4A-11D0-8D11-00A0C91BC942}") = "wave", "examples\wave.vcxproj", "{78178CD1-7B03-3FBE-8007-A6BC78FECCD1}"
	ProjectSection(ProjectDependencies) = postProject
		{B89B4324-BD5B-3AF8-957D-DFF8E28D719F} = {B89B4324-BD5B-3AF8-957D-DFF8E28D719F}
		{BDFB2DEA-6EF4-3C96-8736-E32B531DB029} = {BDFB2DEA-6EF4-3C96-8736-E32B531DB029}
	EndProjectSection
EndProject
Project("{8BC9CEB8-8B4A-11D0-8D11-00A0C91BC942}") = "window", "tests\window.vcxproj", "{C76954E6-549F-3548-9AB5-9BC06564A296}"
	ProjectSection(ProjectDependencies) = postProject
		{B89B4324-BD5B-3AF8-957D-DFF8E28D719F} = {B89B4324-BD5B-3AF8-957D-DFF8E28D719F}
		{BDFB2DEA-6EF4-3C96-8736-E32B531DB029} = {BDFB2DEA-6EF4-3C96-8736-E32B531DB029}
	EndProjectSection
EndProject
Project("{8BC9CEB8-8B4A-11D0-8D11-00A0C91BC942}") = "windows", "examples\windows.vcxproj", "{7EAF49D5-02A2-31A4-92A1-95102B24C684}"
	ProjectSection(ProjectDependencies) = postProject
		{B89B4324-BD5B-3AF8-957D-DFF8E28D719F} = {B89B4324-BD5B-3AF8-957D-DFF8E28D719F}
		{BDFB2DEA-6EF4-3C96-8736-E32B531DB029} = {BDFB2DEA-6EF4-3C96-8736-E32B531DB029}
	EndProjectSection
EndProject
Global
	GlobalSection(SolutionConfigurationPlatforms) = preSolution
		Debug|x64 = Debug|x64
		Release|x64 = Release|x64
		MinSizeRel|x64 = MinSizeRel|x64
		RelWithDebInfo|x64 = RelWithDebInfo|x64
	EndGlobalSection
	GlobalSection(ProjectConfigurationPlatforms) = postSolution
		{B425B5C1-01F2-3032-BB2A-D80EA92A75A4}.Debug|x64.ActiveCfg = Debug|x64
		{B425B5C1-01F2-3032-BB2A-D80EA92A75A4}.Debug|x64.Build.0 = Debug|x64
		{B425B5C1-01F2-3032-BB2A-D80EA92A75A4}.Release|x64.ActiveCfg = Release|x64
		{B425B5C1-01F2-3032-BB2A-D80EA92A75A4}.Release|x64.Build.0 = Release|x64
		{B425B5C1-01F2-3032-BB2A-D80EA92A75A4}.MinSizeRel|x64.ActiveCfg = MinSizeRel|x64
		{B425B5C1-01F2-3032-BB2A-D80EA92A75A4}.MinSizeRel|x64.Build.0 = MinSizeRel|x64
		{B425B5C1-01F2-3032-BB2A-D80EA92A75A4}.RelWithDebInfo|x64.ActiveCfg = RelWithDebInfo|x64
		{B425B5C1-01F2-3032-BB2A-D80EA92A75A4}.RelWithDebInfo|x64.Build.0 = RelWithDebInfo|x64
		{47C8264E-7E95-32E0-8D2D-3335BC94A587}.Debug|x64.ActiveCfg = Debug|x64
		{47C8264E-7E95-32E0-8D2D-3335BC94A587}.Release|x64.ActiveCfg = Release|x64
		{47C8264E-7E95-32E0-8D2D-3335BC94A587}.MinSizeRel|x64.ActiveCfg = MinSizeRel|x64
		{47C8264E-7E95-32E0-8D2D-3335BC94A587}.RelWithDebInfo|x64.ActiveCfg = RelWithDebInfo|x64
		{B89B4324-BD5B-3AF8-957D-DFF8E28D719F}.Debug|x64.ActiveCfg = Debug|x64
		{B89B4324-BD5B-3AF8-957D-DFF8E28D719F}.Debug|x64.Build.0 = Debug|x64
		{B89B4324-BD5B-3AF8-957D-DFF8E28D719F}.Release|x64.ActiveCfg = Release|x64
		{B89B4324-BD5B-3AF8-957D-DFF8E28D719F}.Release|x64.Build.0 = Release|x64
		{B89B4324-BD5B-3AF8-957D-DFF8E28D719F}.MinSizeRel|x64.ActiveCfg = MinSizeRel|x64
		{B89B4324-BD5B-3AF8-957D-DFF8E28D719F}.MinSizeRel|x64.Build.0 = MinSizeRel|x64
		{B89B4324-BD5B-3AF8-957D-DFF8E28D719F}.RelWithDebInfo|x64.ActiveCfg = RelWithDebInfo|x64
		{B89B4324-BD5B-3AF8-957D-DFF8E28D719F}.RelWithDebInfo|x64.Build.0 = RelWithDebInfo|x64
		{9A179446-3DF4-32C0-BE25-EEC7253A5B03}.Debug|x64.ActiveCfg = Debug|x64
		{9A179446-3DF4-32C0-BE25-EEC7253A5B03}.Debug|x64.Build.0 = Debug|x64
		{9A179446-3DF4-32C0-BE25-EEC7253A5B03}.Release|x64.ActiveCfg = Release|x64
		{9A179446-3DF4-32C0-BE25-EEC7253A5B03}.Release|x64.Build.0 = Release|x64
		{9A179446-3DF4-32C0-BE25-EEC7253A5B03}.MinSizeRel|x64.ActiveCfg = MinSizeRel|x64
		{9A179446-3DF4-32C0-BE25-EEC7253A5B03}.MinSizeRel|x64.Build.0 = MinSizeRel|x64
		{9A179446-3DF4-32C0-BE25-EEC7253A5B03}.RelWithDebInfo|x64.ActiveCfg = RelWithDebInfo|x64
		{9A179446-3DF4-32C0-BE25-EEC7253A5B03}.RelWithDebInfo|x64.Build.0 = RelWithDebInfo|x64
		{539B8640-E979-3517-89DF-49F2D9B556EE}.Debug|x64.ActiveCfg = Debug|x64
		{539B8640-E979-3517-89DF-49F2D9B556EE}.Debug|x64.Build.0 = Debug|x64
		{539B8640-E979-3517-89DF-49F2D9B556EE}.Release|x64.ActiveCfg = Release|x64
		{539B8640-E979-3517-89DF-49F2D9B556EE}.Release|x64.Build.0 = Release|x64
		{539B8640-E979-3517-89DF-49F2D9B556EE}.MinSizeRel|x64.ActiveCfg = MinSizeRel|x64
		{539B8640-E979-3517-89DF-49F2D9B556EE}.MinSizeRel|x64.Build.0 = MinSizeRel|x64
		{539B8640-E979-3517-89DF-49F2D9B556EE}.RelWithDebInfo|x64.ActiveCfg = RelWithDebInfo|x64
		{539B8640-E979-3517-89DF-49F2D9B556EE}.RelWithDebInfo|x64.Build.0 = RelWithDebInfo|x64
		{7191FB77-0E79-3120-9808-56B0E11B9AB1}.Debug|x64.ActiveCfg = Debug|x64
		{7191FB77-0E79-3120-9808-56B0E11B9AB1}.Debug|x64.Build.0 = Debug|x64
		{7191FB77-0E79-3120-9808-56B0E11B9AB1}.Release|x64.ActiveCfg = Release|x64
		{7191FB77-0E79-3120-9808-56B0E11B9AB1}.Release|x64.Build.0 = Release|x64
		{7191FB77-0E79-3120-9808-56B0E11B9AB1}.MinSizeRel|x64.ActiveCfg = MinSizeRel|x64
		{7191FB77-0E79-3120-9808-56B0E11B9AB1}.MinSizeRel|x64.Build.0 = MinSizeRel|x64
		{7191FB77-0E79-3120-9808-56B0E11B9AB1}.RelWithDebInfo|x64.ActiveCfg = RelWithDebInfo|x64
		{7191FB77-0E79-3120-9808-56B0E11B9AB1}.RelWithDebInfo|x64.Build.0 = RelWithDebInfo|x64
		{7B0A5D1F-65CA-38D4-9BBC-3E5612E87FBC}.Debug|x64.ActiveCfg = Debug|x64
		{7B0A5D1F-65CA-38D4-9BBC-3E5612E87FBC}.Debug|x64.Build.0 = Debug|x64
		{7B0A5D1F-65CA-38D4-9BBC-3E5612E87FBC}.Release|x64.ActiveCfg = Release|x64
		{7B0A5D1F-65CA-38D4-9BBC-3E5612E87FBC}.Release|x64.Build.0 = Release|x64
		{7B0A5D1F-65CA-38D4-9BBC-3E5612E87FBC}.MinSizeRel|x64.ActiveCfg = MinSizeRel|x64
		{7B0A5D1F-65CA-38D4-9BBC-3E5612E87FBC}.MinSizeRel|x64.Build.0 = MinSizeRel|x64
		{7B0A5D1F-65CA-38D4-9BBC-3E5612E87FBC}.RelWithDebInfo|x64.ActiveCfg = RelWithDebInfo|x64
		{7B0A5D1F-65CA-38D4-9BBC-3E5612E87FBC}.RelWithDebInfo|x64.Build.0 = RelWithDebInfo|x64
		{AF8B3EC4-D6F8-3FD0-81A4-6AC1F7521C48}.Debug|x64.ActiveCfg = Debug|x64
		{AF8B3EC4-D6F8-3FD0-81A4-6AC1F7521C48}.Debug|x64.Build.0 = Debug|x64
		{AF8B3EC4-D6F8-3FD0-81A4-6AC1F7521C48}.Release|x64.ActiveCfg = Release|x64
		{AF8B3EC4-D6F8-3FD0-81A4-6AC1F7521C48}.Release|x64.Build.0 = Release|x64
		{AF8B3EC4-D6F8-3FD0-81A4-6AC1F7521C48}.MinSizeRel|x64.ActiveCfg = MinSizeRel|x64
		{AF8B3EC4-D6F8-3FD0-81A4-6AC1F7521C48}.MinSizeRel|x64.Build.0 = MinSizeRel|x64
		{AF8B3EC4-D6F8-3FD0-81A4-6AC1F7521C48}.RelWithDebInfo|x64.ActiveCfg = RelWithDebInfo|x64
		{AF8B3EC4-D6F8-3FD0-81A4-6AC1F7521C48}.RelWithDebInfo|x64.Build.0 = RelWithDebInfo|x64
		{2A3C45F9-4442-31DD-BEF5-3DA1466A1A81}.Debug|x64.ActiveCfg = Debug|x64
		{2A3C45F9-4442-31DD-BEF5-3DA1466A1A81}.Debug|x64.Build.0 = Debug|x64
		{2A3C45F9-4442-31DD-BEF5-3DA1466A1A81}.Release|x64.ActiveCfg = Release|x64
		{2A3C45F9-4442-31DD-BEF5-3DA1466A1A81}.Release|x64.Build.0 = Release|x64
		{2A3C45F9-4442-31DD-BEF5-3DA1466A1A81}.MinSizeRel|x64.ActiveCfg = MinSizeRel|x64
		{2A3C45F9-4442-31DD-BEF5-3DA1466A1A81}.MinSizeRel|x64.Build.0 = MinSizeRel|x64
		{2A3C45F9-4442-31DD-BEF5-3DA1466A1A81}.RelWithDebInfo|x64.ActiveCfg = RelWithDebInfo|x64
		{2A3C45F9-4442-31DD-BEF5-3DA1466A1A81}.RelWithDebInfo|x64.Build.0 = RelWithDebInfo|x64
		{C4FAC19B-D16C-375D-978B-981EACA5EC01}.Debug|x64.ActiveCfg = Debug|x64
		{C4FAC19B-D16C-375D-978B-981EACA5EC01}.Debug|x64.Build.0 = Debug|x64
		{C4FAC19B-D16C-375D-978B-981EACA5EC01}.Release|x64.ActiveCfg = Release|x64
		{C4FAC19B-D16C-375D-978B-981EACA5EC01}.Release|x64.Build.0 = Release|x64
		{C4FAC19B-D16C-375D-978B-981EACA5EC01}.MinSizeRel|x64.ActiveCfg = MinSizeRel|x64
		{C4FAC19B-D16C-375D-978B-981EACA5EC01}.MinSizeRel|x64.Build.0 = MinSizeRel|x64
		{C4FAC19B-D16C-375D-978B-981EACA5EC01}.RelWithDebInfo|x64.ActiveCfg = RelWithDebInfo|x64
		{C4FAC19B-D16C-375D-978B-981EACA5EC01}.RelWithDebInfo|x64.Build.0 = RelWithDebInfo|x64
		{8927B9AC-15E0-3E62-96C9-58AA36B39534}.Debug|x64.ActiveCfg = Debug|x64
		{8927B9AC-15E0-3E62-96C9-58AA36B39534}.Debug|x64.Build.0 = Debug|x64
		{8927B9AC-15E0-3E62-96C9-58AA36B39534}.Release|x64.ActiveCfg = Release|x64
		{8927B9AC-15E0-3E62-96C9-58AA36B39534}.Release|x64.Build.0 = Release|x64
		{8927B9AC-15E0-3E62-96C9-58AA36B39534}.MinSizeRel|x64.ActiveCfg = MinSizeRel|x64
		{8927B9AC-15E0-3E62-96C9-58AA36B39534}.MinSizeRel|x64.Build.0 = MinSizeRel|x64
		{8927B9AC-15E0-3E62-96C9-58AA36B39534}.RelWithDebInfo|x64.ActiveCfg = RelWithDebInfo|x64
		{8927B9AC-15E0-3E62-96C9-58AA36B39534}.RelWithDebInfo|x64.Build.0 = RelWithDebInfo|x64
		{BDFB2DEA-6EF4-3C96-8736-E32B531DB029}.Debug|x64.ActiveCfg = Debug|x64
		{BDFB2DEA-6EF4-3C96-8736-E32B531DB029}.Debug|x64.Build.0 = Debug|x64
		{BDFB2DEA-6EF4-3C96-8736-E32B531DB029}.Release|x64.ActiveCfg = Release|x64
		{BDFB2DEA-6EF4-3C96-8736-E32B531DB029}.Release|x64.Build.0 = Release|x64
		{BDFB2DEA-6EF4-3C96-8736-E32B531DB029}.MinSizeRel|x64.ActiveCfg = MinSizeRel|x64
		{BDFB2DEA-6EF4-3C96-8736-E32B531DB029}.MinSizeRel|x64.Build.0 = MinSizeRel|x64
		{BDFB2DEA-6EF4-3C96-8736-E32B531DB029}.RelWithDebInfo|x64.ActiveCfg = RelWithDebInfo|x64
		{BDFB2DEA-6EF4-3C96-8736-E32B531DB029}.RelWithDebInfo|x64.Build.0 = RelWithDebInfo|x64
		{E67E8D52-38DC-3B0A-B4CC-48C0B482FA2B}.Debug|x64.ActiveCfg = Debug|x64
		{E67E8D52-38DC-3B0A-B4CC-48C0B482FA2B}.Debug|x64.Build.0 = Debug|x64
		{E67E8D52-38DC-3B0A-B4CC-48C0B482FA2B}.Release|x64.ActiveCfg = Release|x64
		{E67E8D52-38DC-3B0A-B4CC-48C0B482FA2B}.Release|x64.Build.0 = Release|x64
		{E67E8D52-38DC-3B0A-B4CC-48C0B482FA2B}.MinSizeRel|x64.ActiveCfg = MinSizeRel|x64
		{E67E8D52-38DC-3B0A-B4CC-48C0B482FA2B}.MinSizeRel|x64.Build.0 = MinSizeRel|x64
		{E67E8D52-38DC-3B0A-B4CC-48C0B482FA2B}.RelWithDebInfo|x64.ActiveCfg = RelWithDebInfo|x64
		{E67E8D52-38DC-3B0A-B4CC-48C0B482FA2B}.RelWithDebInfo|x64.Build.0 = RelWithDebInfo|x64
		{F7B231EC-4AD6-36DA-97D1-CCF31AA3DF01}.Debug|x64.ActiveCfg = Debug|x64
		{F7B231EC-4AD6-36DA-97D1-CCF31AA3DF01}.Debug|x64.Build.0 = Debug|x64
		{F7B231EC-4AD6-36DA-97D1-CCF31AA3DF01}.Release|x64.ActiveCfg = Release|x64
		{F7B231EC-4AD6-36DA-97D1-CCF31AA3DF01}.Release|x64.Build.0 = Release|x64
		{F7B231EC-4AD6-36DA-97D1-CCF31AA3DF01}.MinSizeRel|x64.ActiveCfg = MinSizeRel|x64
		{F7B231EC-4AD6-36DA-97D1-CCF31AA3DF01}.MinSizeRel|x64.Build.0 = MinSizeRel|x64
		{F7B231EC-4AD6-36DA-97D1-CCF31AA3DF01}.RelWithDebInfo|x64.ActiveCfg = RelWithDebInfo|x64
		{F7B231EC-4AD6-36DA-97D1-CCF31AA3DF01}.RelWithDebInfo|x64.Build.0 = RelWithDebInfo|x64
		{C8A5D33C-F8E8-3DF6-9EB5-06192A08A419}.Debug|x64.ActiveCfg = Debug|x64
		{C8A5D33C-F8E8-3DF6-9EB5-06192A08A419}.Debug|x64.Build.0 = Debug|x64
		{C8A5D33C-F8E8-3DF6-9EB5-06192A08A419}.Release|x64.ActiveCfg = Release|x64
		{C8A5D33C-F8E8-3DF6-9EB5-06192A08A419}.Release|x64.Build.0 = Release|x64
		{C8A5D33C-F8E8-3DF6-9EB5-06192A08A419}.MinSizeRel|x64.ActiveCfg = MinSizeRel|x64
		{C8A5D33C-F8E8-3DF6-9EB5-06192A08A419}.MinSizeRel|x64.Build.0 = MinSizeRel|x64
		{C8A5D33C-F8E8-3DF6-9EB5-06192A08A419}.RelWithDebInfo|x64.ActiveCfg = RelWithDebInfo|x64
		{C8A5D33C-F8E8-3DF6-9EB5-06192A08A419}.RelWithDebInfo|x64.Build.0 = RelWithDebInfo|x64
		{7714CA9E-0676-3126-9482-8238C03CD83B}.Debug|x64.ActiveCfg = Debug|x64
		{7714CA9E-0676-3126-9482-8238C03CD83B}.Debug|x64.Build.0 = Debug|x64
		{7714CA9E-0676-3126-9482-8238C03CD83B}.Release|x64.ActiveCfg = Release|x64
		{7714CA9E-0676-3126-9482-8238C03CD83B}.Release|x64.Build.0 = Release|x64
		{7714CA9E-0676-3126-9482-8238C03CD83B}.MinSizeRel|x64.ActiveCfg = MinSizeRel|x64
		{7714CA9E-0676-3126-9482-8238C03CD83B}.MinSizeRel|x64.Build.0 = MinSizeRel|x64
		{7714CA9E-0676-3126-9482-8238C03CD83B}.RelWithDebInfo|x64.ActiveCfg = RelWithDebInfo|x64
		{7714CA9E-0676-3126-9482-8238C03CD83B}.RelWithDebInfo|x64.Build.0 = RelWithDebInfo|x64
		{1D0CAE25-95AC-3586-B98C-E8F44F1F4C6A}.Debug|x64.ActiveCfg = Debug|x64
		{1D0CAE25-95AC-3586-B98C-E8F44F1F4C6A}.Debug|x64.Build.0 = Debug|x64
		{1D0CAE25-95AC-3586-B98C-E8F44F1F4C6A}.Release|x64.ActiveCfg = Release|x64
		{1D0CAE25-95AC-3586-B98C-E8F44F1F4C6A}.Release|x64.Build.0 = Release|x64
		{1D0CAE25-95AC-3586-B98C-E8F44F1F4C6A}.MinSizeRel|x64.ActiveCfg = MinSizeRel|x64
		{1D0CAE25-95AC-3586-B98C-E8F44F1F4C6A}.MinSizeRel|x64.Build.0 = MinSizeRel|x64
		{1D0CAE25-95AC-3586-B98C-E8F44F1F4C6A}.RelWithDebInfo|x64.ActiveCfg = RelWithDebInfo|x64
		{1D0CAE25-95AC-3586-B98C-E8F44F1F4C6A}.RelWithDebInfo|x64.Build.0 = RelWithDebInfo|x64
		{CC904D92-58D6-36A3-A4F9-3CC7499911EF}.Debug|x64.ActiveCfg = Debug|x64
		{CC904D92-58D6-36A3-A4F9-3CC7499911EF}.Debug|x64.Build.0 = Debug|x64
		{CC904D92-58D6-36A3-A4F9-3CC7499911EF}.Release|x64.ActiveCfg = Release|x64
		{CC904D92-58D6-36A3-A4F9-3CC7499911EF}.Release|x64.Build.0 = Release|x64
		{CC904D92-58D6-36A3-A4F9-3CC7499911EF}.MinSizeRel|x64.ActiveCfg = MinSizeRel|x64
		{CC904D92-58D6-36A3-A4F9-3CC7499911EF}.MinSizeRel|x64.Build.0 = MinSizeRel|x64
		{CC904D92-58D6-36A3-A4F9-3CC7499911EF}.RelWithDebInfo|x64.ActiveCfg = RelWithDebInfo|x64
		{CC904D92-58D6-36A3-A4F9-3CC7499911EF}.RelWithDebInfo|x64.Build.0 = RelWithDebInfo|x64
		{16E48F1E-BDBD-390F-B4DD-0BE6FCC995BB}.Debug|x64.ActiveCfg = Debug|x64
		{16E48F1E-BDBD-390F-B4DD-0BE6FCC995BB}.Debug|x64.Build.0 = Debug|x64
		{16E48F1E-BDBD-390F-B4DD-0BE6FCC995BB}.Release|x64.ActiveCfg = Release|x64
		{16E48F1E-BDBD-390F-B4DD-0BE6FCC995BB}.Release|x64.Build.0 = Release|x64
		{16E48F1E-BDBD-390F-B4DD-0BE6FCC995BB}.MinSizeRel|x64.ActiveCfg = MinSizeRel|x64
		{16E48F1E-BDBD-390F-B4DD-0BE6FCC995BB}.MinSizeRel|x64.Build.0 = MinSizeRel|x64
		{16E48F1E-BDBD-390F-B4DD-0BE6FCC995BB}.RelWithDebInfo|x64.ActiveCfg = RelWithDebInfo|x64
		{16E48F1E-BDBD-390F-B4DD-0BE6FCC995BB}.RelWithDebInfo|x64.Build.0 = RelWithDebInfo|x64
		{A665830E-3EE1-332E-A62D-539D396F079E}.Debug|x64.ActiveCfg = Debug|x64
		{A665830E-3EE1-332E-A62D-539D396F079E}.Debug|x64.Build.0 = Debug|x64
		{A665830E-3EE1-332E-A62D-539D396F079E}.Release|x64.ActiveCfg = Release|x64
		{A665830E-3EE1-332E-A62D-539D396F079E}.Release|x64.Build.0 = Release|x64
		{A665830E-3EE1-332E-A62D-539D396F079E}.MinSizeRel|x64.ActiveCfg = MinSizeRel|x64
		{A665830E-3EE1-332E-A62D-539D396F079E}.MinSizeRel|x64.Build.0 = MinSizeRel|x64
		{A665830E-3EE1-332E-A62D-539D396F079E}.RelWithDebInfo|x64.ActiveCfg = RelWithDebInfo|x64
		{A665830E-3EE1-332E-A62D-539D396F079E}.RelWithDebInfo|x64.Build.0 = RelWithDebInfo|x64
		{3DFB7E24-09FC-31BF-B050-118A6D9B257E}.Debug|x64.ActiveCfg = Debug|x64
		{3DFB7E24-09FC-31BF-B050-118A6D9B257E}.Debug|x64.Build.0 = Debug|x64
		{3DFB7E24-09FC-31BF-B050-118A6D9B257E}.Release|x64.ActiveCfg = Release|x64
		{3DFB7E24-09FC-31BF-B050-118A6D9B257E}.Release|x64.Build.0 = Release|x64
		{3DFB7E24-09FC-31BF-B050-118A6D9B257E}.MinSizeRel|x64.ActiveCfg = MinSizeRel|x64
		{3DFB7E24-09FC-31BF-B050-118A6D9B257E}.MinSizeRel|x64.Build.0 = MinSizeRel|x64
		{3DFB7E24-09FC-31BF-B050-118A6D9B257E}.RelWithDebInfo|x64.ActiveCfg = RelWithDebInfo|x64
		{3DFB7E24-09FC-31BF-B050-118A6D9B257E}.RelWithDebInfo|x64.Build.0 = RelWithDebInfo|x64
		{EE64B1E9-16C4-3334-9679-37DF2C20D0DA}.Debug|x64.ActiveCfg = Debug|x64
		{EE64B1E9-16C4-3334-9679-37DF2C20D0DA}.Debug|x64.Build.0 = Debug|x64
		{EE64B1E9-16C4-3334-9679-37DF2C20D0DA}.Release|x64.ActiveCfg = Release|x64
		{EE64B1E9-16C4-3334-9679-37DF2C20D0DA}.Release|x64.Build.0 = Release|x64
		{EE64B1E9-16C4-3334-9679-37DF2C20D0DA}.MinSizeRel|x64.ActiveCfg = MinSizeRel|x64
		{EE64B1E9-16C4-3334-9679-37DF2C20D0DA}.MinSizeRel|x64.Build.0 = MinSizeRel|x64
		{EE64B1E9-16C4-3334-9679-37DF2C20D0DA}.RelWithDebInfo|x64.ActiveCfg = RelWithDebInfo|x64
		{EE64B1E9-16C4-3334-9679-37DF2C20D0DA}.RelWithDebInfo|x64.Build.0 = RelWithDebInfo|x64
		{8D3FE427-14CB-3090-AFBC-26CC85EED034}.Debug|x64.ActiveCfg = Debug|x64
		{8D3FE427-14CB-3090-AFBC-26CC85EED034}.Debug|x64.Build.0 = Debug|x64
		{8D3FE427-14CB-3090-AFBC-26CC85EED034}.Release|x64.ActiveCfg = Release|x64
		{8D3FE427-14CB-3090-AFBC-26CC85EED034}.Release|x64.Build.0 = Release|x64
		{8D3FE427-14CB-3090-AFBC-26CC85EED034}.MinSizeRel|x64.ActiveCfg = MinSizeRel|x64
		{8D3FE427-14CB-3090-AFBC-26CC85EED034}.MinSizeRel|x64.Build.0 = MinSizeRel|x64
		{8D3FE427-14CB-3090-AFBC-26CC85EED034}.RelWithDebInfo|x64.ActiveCfg = RelWithDebInfo|x64
		{8D3FE427-14CB-3090-AFBC-26CC85EED034}.RelWithDebInfo|x64.Build.0 = RelWithDebInfo|x64
		{01E6D505-260D-3B9D-A516-66C6009A372F}.Debug|x64.ActiveCfg = Debug|x64
		{01E6D505-260D-3B9D-A516-66C6009A372F}.Debug|x64.Build.0 = Debug|x64
		{01E6D505-260D-3B9D-A516-66C6009A372F}.Release|x64.ActiveCfg = Release|x64
		{01E6D505-260D-3B9D-A516-66C6009A372F}.Release|x64.Build.0 = Release|x64
		{01E6D505-260D-3B9D-A516-66C6009A372F}.MinSizeRel|x64.ActiveCfg = MinSizeRel|x64
		{01E6D505-260D-3B9D-A516-66C6009A372F}.MinSizeRel|x64.Build.0 = MinSizeRel|x64
		{01E6D505-260D-3B9D-A516-66C6009A372F}.RelWithDebInfo|x64.ActiveCfg = RelWithDebInfo|x64
		{01E6D505-260D-3B9D-A516-66C6009A372F}.RelWithDebInfo|x64.Build.0 = RelWithDebInfo|x64
		{B2658921-77CC-3A23-A18A-79D375F8B39C}.Debug|x64.ActiveCfg = Debug|x64
		{B2658921-77CC-3A23-A18A-79D375F8B39C}.Debug|x64.Build.0 = Debug|x64
		{B2658921-77CC-3A23-A18A-79D375F8B39C}.Release|x64.ActiveCfg = Release|x64
		{B2658921-77CC-3A23-A18A-79D375F8B39C}.Release|x64.Build.0 = Release|x64
		{B2658921-77CC-3A23-A18A-79D375F8B39C}.MinSizeRel|x64.ActiveCfg = MinSizeRel|x64
		{B2658921-77CC-3A23-A18A-79D375F8B39C}.MinSizeRel|x64.Build.0 = MinSizeRel|x64
		{B2658921-77CC-3A23-A18A-79D375F8B39C}.RelWithDebInfo|x64.ActiveCfg = RelWithDebInfo|x64
		{B2658921-77CC-3A23-A18A-79D375F8B39C}.RelWithDebInfo|x64.Build.0 = RelWithDebInfo|x64
		{B49135C6-1298-3A5F-A183-E62DD5F0B11E}.Debug|x64.ActiveCfg = Debug|x64
		{B49135C6-1298-3A5F-A183-E62DD5F0B11E}.Debug|x64.Build.0 = Debug|x64
		{B49135C6-1298-3A5F-A183-E62DD5F0B11E}.Release|x64.ActiveCfg = Release|x64
		{B49135C6-1298-3A5F-A183-E62DD5F0B11E}.Release|x64.Build.0 = Release|x64
		{B49135C6-1298-3A5F-A183-E62DD5F0B11E}.MinSizeRel|x64.ActiveCfg = MinSizeRel|x64
		{B49135C6-1298-3A5F-A183-E62DD5F0B11E}.MinSizeRel|x64.Build.0 = MinSizeRel|x64
		{B49135C6-1298-3A5F-A183-E62DD5F0B11E}.RelWithDebInfo|x64.ActiveCfg = RelWithDebInfo|x64
		{B49135C6-1298-3A5F-A183-E62DD5F0B11E}.RelWithDebInfo|x64.Build.0 = RelWithDebInfo|x64
		{A83B7D68-F07F-34A8-8F67-BACCFFFBAEAF}.Debug|x64.ActiveCfg = Debug|x64
		{A83B7D68-F07F-34A8-8F67-BACCFFFBAEAF}.Debug|x64.Build.0 = Debug|x64
		{A83B7D68-F07F-34A8-8F67-BACCFFFBAEAF}.Release|x64.ActiveCfg = Release|x64
		{A83B7D68-F07F-34A8-8F67-BACCFFFBAEAF}.Release|x64.Build.0 = Release|x64
		{A83B7D68-F07F-34A8-8F67-BACCFFFBAEAF}.MinSizeRel|x64.ActiveCfg = MinSizeRel|x64
		{A83B7D68-F07F-34A8-8F67-BACCFFFBAEAF}.MinSizeRel|x64.Build.0 = MinSizeRel|x64
		{A83B7D68-F07F-34A8-8F67-BACCFFFBAEAF}.RelWithDebInfo|x64.ActiveCfg = RelWithDebInfo|x64
		{A83B7D68-F07F-34A8-8F67-BACCFFFBAEAF}.RelWithDebInfo|x64.Build.0 = RelWithDebInfo|x64
		{DB203C15-0281-3F2A-9AF0-397291B12E73}.Debug|x64.ActiveCfg = Debug|x64
		{DB203C15-0281-3F2A-9AF0-397291B12E73}.Debug|x64.Build.0 = Debug|x64
		{DB203C15-0281-3F2A-9AF0-397291B12E73}.Release|x64.ActiveCfg = Release|x64
		{DB203C15-0281-3F2A-9AF0-397291B12E73}.Release|x64.Build.0 = Release|x64
		{DB203C15-0281-3F2A-9AF0-397291B12E73}.MinSizeRel|x64.ActiveCfg = MinSizeRel|x64
		{DB203C15-0281-3F2A-9AF0-397291B12E73}.MinSizeRel|x64.Build.0 = MinSizeRel|x64
		{DB203C15-0281-3F2A-9AF0-397291B12E73}.RelWithDebInfo|x64.ActiveCfg = RelWithDebInfo|x64
		{DB203C15-0281-3F2A-9AF0-397291B12E73}.RelWithDebInfo|x64.Build.0 = RelWithDebInfo|x64
		{7761A241-52AC-3C02-BDF4-016C2D1828FD}.Debug|x64.ActiveCfg = Debug|x64
		{7761A241-52AC-3C02-BDF4-016C2D1828FD}.Debug|x64.Build.0 = Debug|x64
		{7761A241-52AC-3C02-BDF4-016C2D1828FD}.Release|x64.ActiveCfg = Release|x64
		{7761A241-52AC-3C02-BDF4-016C2D1828FD}.Release|x64.Build.0 = Release|x64
		{7761A241-52AC-3C02-BDF4-016C2D1828FD}.MinSizeRel|x64.ActiveCfg = MinSizeRel|x64
		{7761A241-52AC-3C02-BDF4-016C2D1828FD}.MinSizeRel|x64.Build.0 = MinSizeRel|x64
		{7761A241-52AC-3C02-BDF4-016C2D1828FD}.RelWithDebInfo|x64.ActiveCfg = RelWithDebInfo|x64
		{7761A241-52AC-3C02-BDF4-016C2D1828FD}.RelWithDebInfo|x64.Build.0 = RelWithDebInfo|x64
		{C51821DD-9007-3213-9CBB-16C81BF60BE0}.Debug|x64.ActiveCfg = Debug|x64
		{C51821DD-9007-3213-9CBB-16C81BF60BE0}.Debug|x64.Build.0 = Debug|x64
		{C51821DD-9007-3213-9CBB-16C81BF60BE0}.Release|x64.ActiveCfg = Release|x64
		{C51821DD-9007-3213-9CBB-16C81BF60BE0}.Release|x64.Build.0 = Release|x64
		{C51821DD-9007-3213-9CBB-16C81BF60BE0}.MinSizeRel|x64.ActiveCfg = MinSizeRel|x64
		{C51821DD-9007-3213-9CBB-16C81BF60BE0}.MinSizeRel|x64.Build.0 = MinSizeRel|x64
		{C51821DD-9007-3213-9CBB-16C81BF60BE0}.RelWithDebInfo|x64.ActiveCfg = RelWithDebInfo|x64
		{C51821DD-9007-3213-9CBB-16C81BF60BE0}.RelWithDebInfo|x64.Build.0 = RelWithDebInfo|x64
		{0B6006E5-8D4C-3C72-AA11-779D8720460E}.Debug|x64.ActiveCfg = Debug|x64
		{0B6006E5-8D4C-3C72-AA11-779D8720460E}.Debug|x64.Build.0 = Debug|x64
		{0B6006E5-8D4C-3C72-AA11-779D8720460E}.Release|x64.ActiveCfg = Release|x64
		{0B6006E5-8D4C-3C72-AA11-779D8720460E}.Release|x64.Build.0 = Release|x64
		{0B6006E5-8D4C-3C72-AA11-779D8720460E}.MinSizeRel|x64.ActiveCfg = MinSizeRel|x64
		{0B6006E5-8D4C-3C72-AA11-779D8720460E}.MinSizeRel|x64.Build.0 = MinSizeRel|x64
		{0B6006E5-8D4C-3C72-AA11-779D8720460E}.RelWithDebInfo|x64.ActiveCfg = RelWithDebInfo|x64
		{0B6006E5-8D4C-3C72-AA11-779D8720460E}.RelWithDebInfo|x64.Build.0 = RelWithDebInfo|x64
		{93C04BDD-E413-30C4-91A2-2A6037F66B93}.Debug|x64.ActiveCfg = Debug|x64
		{93C04BDD-E413-30C4-91A2-2A6037F66B93}.Debug|x64.Build.0 = Debug|x64
		{93C04BDD-E413-30C4-91A2-2A6037F66B93}.Release|x64.ActiveCfg = Release|x64
		{93C04BDD-E413-30C4-91A2-2A6037F66B93}.Release|x64.Build.0 = Release|x64
		{93C04BDD-E413-30C4-91A2-2A6037F66B93}.MinSizeRel|x64.ActiveCfg = MinSizeRel|x64
		{93C04BDD-E413-30C4-91A2-2A6037F66B93}.MinSizeRel|x64.Build.0 = MinSizeRel|x64
		{93C04BDD-E413-30C4-91A2-2A6037F66B93}.RelWithDebInfo|x64.ActiveCfg = RelWithDebInfo|x64
		{93C04BDD-E413-30C4-91A2-2A6037F66B93}.RelWithDebInfo|x64.Build.0 = RelWithDebInfo|x64
		{C3E6344E-2004-3502-B1BF-C988436F7B61}.Debug|x64.ActiveCfg = Debug|x64
		{C3E6344E-2004-3502-B1BF-C988436F7B61}.Release|x64.ActiveCfg = Release|x64
		{C3E6344E-2004-3502-B1BF-C988436F7B61}.MinSizeRel|x64.ActiveCfg = MinSizeRel|x64
		{C3E6344E-2004-3502-B1BF-C988436F7B61}.RelWithDebInfo|x64.ActiveCfg = RelWithDebInfo|x64
		{F4C4DD7F-2625-34CF-AFEE-333B7BF38F8D}.Debug|x64.ActiveCfg = Debug|x64
		{F4C4DD7F-2625-34CF-AFEE-333B7BF38F8D}.Release|x64.ActiveCfg = Release|x64
		{F4C4DD7F-2625-34CF-AFEE-333B7BF38F8D}.MinSizeRel|x64.ActiveCfg = MinSizeRel|x64
		{F4C4DD7F-2625-34CF-AFEE-333B7BF38F8D}.RelWithDebInfo|x64.ActiveCfg = RelWithDebInfo|x64
		{78178CD1-7B03-3FBE-8007-A6BC78FECCD1}.Debug|x64.ActiveCfg = Debug|x64
		{78178CD1-7B03-3FBE-8007-A6BC78FECCD1}.Debug|x64.Build.0 = Debug|x64
		{78178CD1-7B03-3FBE-8007-A6BC78FECCD1}.Release|x64.ActiveCfg = Release|x64
		{78178CD1-7B03-3FBE-8007-A6BC78FECCD1}.Release|x64.Build.0 = Release|x64
		{78178CD1-7B03-3FBE-8007-A6BC78FECCD1}.MinSizeRel|x64.ActiveCfg = MinSizeRel|x64
		{78178CD1-7B03-3FBE-8007-A6BC78FECCD1}.MinSizeRel|x64.Build.0 = MinSizeRel|x64
		{78178CD1-7B03-3FBE-8007-A6BC78FECCD1}.RelWithDebInfo|x64.ActiveCfg = RelWithDebInfo|x64
		{78178CD1-7B03-3FBE-8007-A6BC78FECCD1}.RelWithDebInfo|x64.Build.0 = RelWithDebInfo|x64
		{C76954E6-549F-3548-9AB5-9BC06564A296}.Debug|x64.ActiveCfg = Debug|x64
		{C76954E6-549F-3548-9AB5-9BC06564A296}.Debug|x64.Build.0 = Debug|x64
		{C76954E6-549F-3548-9AB5-9BC06564A296}.Release|x64.ActiveCfg = Release|x64
		{C76954E6-549F-3548-9AB5-9BC06564A296}.Release|x64.Build.0 = Release|x64
		{C76954E6-549F-3548-9AB5-9BC06564A296}.MinSizeRel|x64.ActiveCfg = MinSizeRel|x64
		{C76954E6-549F-3548-9AB5-9BC06564A296}.MinSizeRel|x64.Build.0 = MinSizeRel|x64
		{C76954E6-549F-3548-9AB5-9BC06564A296}.RelWithDebInfo|x64.ActiveCfg = RelWithDebInfo|x64
		{C76954E6-549F-3548-9AB5-9BC06564A296}.RelWithDebInfo|x64.Build.0 = RelWithDebInfo|x64
		{7EAF49D5-02A2-31A4-92A1-95102B24C684}.Debug|x64.ActiveCfg = Debug|x64
		{7EAF49D5-02A2-31A4-92A1-95102B24C684}.Debug|x64.Build.0 = Debug|x64
		{7EAF49D5-02A2-31A4-92A1-95102B24C684}.Release|x64.ActiveCfg = Release|x64
		{7EAF49D5-02A2-31A4-92A1-95102B24C684}.Release|x64.Build.0 = Release|x64
		{7EAF49D5-02A2-31A4-92A1-95102B24C684}.MinSizeRel|x64.ActiveCfg = MinSizeRel|x64
		{7EAF49D5-02A2-31A4-92A1-95102B24C684}.MinSizeRel|x64.Build.0 = MinSizeRel|x64
		{7EAF49D5-02A2-31A4-92A1-95102B24C684}.RelWithDebInfo|x64.ActiveCfg = RelWithDebInfo|x64
		{7EAF49D5-02A2-31A4-92A1-95102B24C684}.RelWithDebInfo|x64.Build.0 = RelWithDebInfo|x64
	EndGlobalSection
	GlobalSection(NestedProjects) = preSolution
		{B425B5C1-01F2-3032-BB2A-D80EA92A75A4} = {102F957F-A4D3-3FE3-BE56-DCEDA4414BF2}
		{47C8264E-7E95-32E0-8D2D-3335BC94A587} = {102F957F-A4D3-3FE3-BE56-DCEDA4414BF2}
		{B89B4324-BD5B-3AF8-957D-DFF8E28D719F} = {102F957F-A4D3-3FE3-BE56-DCEDA4414BF2}
		{48C46477-F764-32C8-8DB2-7BBAB5089DB9} = {0065CCE8-1E3C-37D9-8222-9C1C47BE9E62}
		{8D66ED0F-0440-36D1-ABCA-641DF49F34D6} = {0065CCE8-1E3C-37D9-8222-9C1C47BE9E62}
		{BDFB2DEA-6EF4-3C96-8736-E32B531DB029} = {0065CCE8-1E3C-37D9-8222-9C1C47BE9E62}
		{C3E6344E-2004-3502-B1BF-C988436F7B61} = {0065CCE8-1E3C-37D9-8222-9C1C47BE9E62}
		{F4C4DD7F-2625-34CF-AFEE-333B7BF38F8D} = {0065CCE8-1E3C-37D9-8222-9C1C47BE9E62}
		{539B8640-E979-3517-89DF-49F2D9B556EE} = {48C46477-F764-32C8-8DB2-7BBAB5089DB9}
		{8927B9AC-15E0-3E62-96C9-58AA36B39534} = {48C46477-F764-32C8-8DB2-7BBAB5089DB9}
		{F7B231EC-4AD6-36DA-97D1-CCF31AA3DF01} = {48C46477-F764-32C8-8DB2-7BBAB5089DB9}
		{3DFB7E24-09FC-31BF-B050-118A6D9B257E} = {48C46477-F764-32C8-8DB2-7BBAB5089DB9}
		{EE64B1E9-16C4-3334-9679-37DF2C20D0DA} = {48C46477-F764-32C8-8DB2-7BBAB5089DB9}
		{01E6D505-260D-3B9D-A516-66C6009A372F} = {48C46477-F764-32C8-8DB2-7BBAB5089DB9}
		{B2658921-77CC-3A23-A18A-79D375F8B39C} = {48C46477-F764-32C8-8DB2-7BBAB5089DB9}
		{C51821DD-9007-3213-9CBB-16C81BF60BE0} = {48C46477-F764-32C8-8DB2-7BBAB5089DB9}
		{0B6006E5-8D4C-3C72-AA11-779D8720460E} = {48C46477-F764-32C8-8DB2-7BBAB5089DB9}
		{78178CD1-7B03-3FBE-8007-A6BC78FECCD1} = {48C46477-F764-32C8-8DB2-7BBAB5089DB9}
		{7EAF49D5-02A2-31A4-92A1-95102B24C684} = {48C46477-F764-32C8-8DB2-7BBAB5089DB9}
		{9A179446-3DF4-32C0-BE25-EEC7253A5B03} = {8D66ED0F-0440-36D1-ABCA-641DF49F34D6}
		{7191FB77-0E79-3120-9808-56B0E11B9AB1} = {8D66ED0F-0440-36D1-ABCA-641DF49F34D6}
		{7B0A5D1F-65CA-38D4-9BBC-3E5612E87FBC} = {8D66ED0F-0440-36D1-ABCA-641DF49F34D6}
		{AF8B3EC4-D6F8-3FD0-81A4-6AC1F7521C48} = {8D66ED0F-0440-36D1-ABCA-641DF49F34D6}
		{2A3C45F9-4442-31DD-BEF5-3DA1466A1A81} = {8D66ED0F-0440-36D1-ABCA-641DF49F34D6}
		{C4FAC19B-D16C-375D-978B-981EACA5EC01} = {8D66ED0F-0440-36D1-ABCA-641DF49F34D6}
		{E67E8D52-38DC-3B0A-B4CC-48C0B482FA2B} = {8D66ED0F-0440-36D1-ABCA-641DF49F34D6}
		{C8A5D33C-F8E8-3DF6-9EB5-06192A08A419} = {8D66ED0F-0440-36D1-ABCA-641DF49F34D6}
		{7714CA9E-0676-3126-9482-8238C03CD83B} = {8D66ED0F-0440-36D1-ABCA-641DF49F34D6}
		{1D0CAE25-95AC-3586-B98C-E8F44F1F4C6A} = {8D66ED0F-0440-36D1-ABCA-641DF49F34D6}
		{CC904D92-58D6-36A3-A4F9-3CC7499911EF} = {8D66ED0F-0440-36D1-ABCA-641DF49F34D6}
		{16E48F1E-BDBD-390F-B4DD-0BE6FCC995BB} = {8D66ED0F-0440-36D1-ABCA-641DF49F34D6}
		{A665830E-3EE1-332E-A62D-539D396F079E} = {8D66ED0F-0440-36D1-ABCA-641DF49F34D6}
		{8D3FE427-14CB-3090-AFBC-26CC85EED034} = {8D66ED0F-0440-36D1-ABCA-641DF49F34D6}
		{B49135C6-1298-3A5F-A183-E62DD5F0B11E} = {8D66ED0F-0440-36D1-ABCA-641DF49F34D6}
		{A83B7D68-F07F-34A8-8F67-BACCFFFBAEAF} = {8D66ED0F-0440-36D1-ABCA-641DF49F34D6}
		{DB203C15-0281-3F2A-9AF0-397291B12E73} = {8D66ED0F-0440-36D1-ABCA-641DF49F34D6}
		{7761A241-52AC-3C02-BDF4-016C2D1828FD} = {8D66ED0F-0440-36D1-ABCA-641DF49F34D6}
		{93C04BDD-E413-30C4-91A2-2A6037F66B93} = {8D66ED0F-0440-36D1-ABCA-641DF49F34D6}
		{C76954E6-549F-3548-9AB5-9BC06564A296} = {8D66ED0F-0440-36D1-ABCA-641DF49F34D6}
	EndGlobalSection
	GlobalSection(ExtensibilityGlobals) = postSolution
		SolutionGuid = {FAD624C0-9D3C-3256-AE0D-08DFDD6F5B21}
	EndGlobalSection
	GlobalSection(ExtensibilityAddIns) = postSolution
	EndGlobalSection
EndGlobal
