<?xml version="1.0" encoding="utf-8"?>
<Project ToolsVersion="17.0" xmlns="http://schemas.microsoft.com/developer/msbuild/2003">
  <ItemGroup>
    <CustomBuild Include="G:\glfw-master\build\CMakeFiles\82ffc1185190d2ca46f6e5dc5d77c667\uninstall.rule">
      <Filter>CMake Rules</Filter>
    </CustomBuild>
    <CustomBuild Include="G:\glfw-master\CMakeLists.txt" />
  </ItemGroup>
  <ItemGroup>
    <None Include="G:\glfw-master\build\CMakeFiles\uninstall" />
  </ItemGroup>
  <ItemGroup>
    <Filter Include="CMake Rules">
      <UniqueIdentifier>{C0736F7A-0CE9-3D15-AEFB-401B1E3586F2}</UniqueIdentifier>
    </Filter>
  </ItemGroup>
</Project>
