<?xml version="1.0" encoding="utf-8"?>
<Project ToolsVersion="17.0" xmlns="http://schemas.microsoft.com/developer/msbuild/2003">
  <ItemGroup>
    <CustomBuild Include="G:\glfw-master\build\CMakeFiles\54e1b9e856c6f25da7e57a653624a091\update_mappings.rule">
      <Filter>CMake Rules</Filter>
    </CustomBuild>
    <CustomBuild Include="G:\glfw-master\src\CMakeLists.txt" />
  </ItemGroup>
  <ItemGroup>
    <None Include="G:\glfw-master\src\mappings.h.in">
      <Filter>Header Files</Filter>
    </None>
    <None Include="G:\glfw-master\CMake\GenerateMappings.cmake" />
    <None Include="G:\glfw-master\build\src\CMakeFiles\update_mappings" />
  </ItemGroup>
  <ItemGroup>
    <Filter Include="CMake Rules">
      <UniqueIdentifier>{C0736F7A-0CE9-3D15-AEFB-401B1E3586F2}</UniqueIdentifier>
    </Filter>
    <Filter Include="Header Files">
      <UniqueIdentifier>{8CDEEC02-9174-38B8-943C-F0D1643688A4}</UniqueIdentifier>
    </Filter>
  </ItemGroup>
</Project>
